{
  "lockfile_version": "1",
  "packages": {
    "arrow-cpp@latest": {
      "last_modified": "2025-11-23T21:50:36Z",
      "resolved": "github:NixOS/nixpkgs/ee09932cedcef15aaf476f9343d1dea2cb77e261#arrow-cpp",
      "source": "devbox-search",
      "version": "20.0.0",
      "systems": {
        "aarch64-darwin": {
          "outputs": [
            {
              "name": "out",
              "path": "/nix/store/4fy1lq5pp28wrvjfdym1i8wcnpa7q9c5-arrow-cpp-20.0.0",
              "default": true
            }
          ],
          "store_path": "/nix/store/4fy1lq5pp28wrvjfdym1i8wcnpa7q9c5-arrow-cpp-20.0.0"
        },
        "aarch64-linux": {
          "outputs": [
            {
              "name": "out",
              "path": "/nix/store/qcpfbr9bwrswmkqbyyhvqly3vs4b72if-arrow-cpp-20.0.0",
              "default": true
            }
          ],
          "store_path": "/nix/store/qcpfbr9bwrswmkqbyyhvqly3vs4b72if-arrow-cpp-20.0.0"
        },
        "x86_64-darwin": {
          "outputs": [
            {
              "name": "out",
              "path": "/nix/store/iacsinwcfg8xj67viqpwvsv30j3ds9w7-arrow-cpp-20.0.0",
              "default": true
            }
          ],
          "store_path": "/nix/store/iacsinwcfg8xj67viqpwvsv30j3ds9w7-arrow-cpp-20.0.0"
        },
        "x86_64-linux": {
          "outputs": [
            {
              "name": "out",
              "path": "/nix/store/2fp6b85bfbwbb6vcx4c545sywvlv3qa0-arrow-cpp-20.0.0",
              "default": true
            }
          ],
          "store_path": "/nix/store/2fp6b85bfbwbb6vcx4c545sywvlv3qa0-arrow-cpp-20.0.0"
        }
      }
    },
    "clang-tools@latest": {
      "last_modified": "2025-05-16T20:19:48Z",
      "resolved": "github:NixOS/nixpkgs/12a55407652e04dcf2309436eb06fef0d3713ef3#clang-tools",
      "source": "devbox-search",
      "version": "19.1.7",
      "systems": {
        "aarch64-darwin": {
          "outputs": [
            {
              "name": "out",
              "path": "/nix/store/d12c7ny0s98iiycg0b2a4pdqn6fg97a2-clang-tools-19.1.7",
              "default": true
            }
          ],
          "store_path": "/nix/store/d12c7ny0s98iiycg0b2a4pdqn6fg97a2-clang-tools-19.1.7"
        },
        "aarch64-linux": {
          "outputs": [
            {
              "name": "out",
              "path": "/nix/store/dkkmczwslzdvk128sfvmp9xgrg0s2yby-clang-tools-19.1.7",
              "default": true
            }
          ],
          "store_path": "/nix/store/dkkmczwslzdvk128sfvmp9xgrg0s2yby-clang-tools-19.1.7"
        },
        "x86_64-darwin": {
          "outputs": [
            {
              "name": "out",
              "path": "/nix/store/22h6pcivzrx1nzrkxjgwy0j0n7mcidd4-clang-tools-19.1.7",
              "default": true
            }
          ],
          "store_path": "/nix/store/22h6pcivzrx1nzrkxjgwy0j0n7mcidd4-clang-tools-19.1.7"
        },
        "x86_64-linux": {
          "outputs": [
            {
              "name": "out",
              "path": "/nix/store/06gf7f983rjm28pmycy732hdj4i7x0v8-clang-tools-19.1.7",
              "default": true
            }
          ],
          "store_path": "/nix/store/06gf7f983rjm28pmycy732hdj4i7x0v8-clang-tools-19.1.7"
        }
      }
    },
    "clang@latest": {
      "last_modified": "2025-05-16T20:19:48Z",
      "resolved": "github:NixOS/nixpkgs/12a55407652e04dcf2309436eb06fef0d3713ef3#clang",
      "source": "devbox-search",
      "version": "19.1.7",
      "systems": {
        "aarch64-darwin": {
          "outputs": [
            {
              "name": "out",
              "path": "/nix/store/cvhbqa01i5yy7xmmpqp1hbnvq7kpvgsx-clang-wrapper-19.1.7",
              "default": true
            }
          ],
          "store_path": "/nix/store/cvhbqa01i5yy7xmmpqp1hbnvq7kpvgsx-clang-wrapper-19.1.7"
        },
        "aarch64-linux": {
          "outputs": [
            {
              "name": "out",
              "path": "/nix/store/vp6zgsnwkqjn89lgdkizr2vpxp6zvv9m-clang-wrapper-19.1.7",
              "default": true
            }
          ],
          "store_path": "/nix/store/vp6zgsnwkqjn89lgdkizr2vpxp6zvv9m-clang-wrapper-19.1.7"
        },
        "x86_64-darwin": {
          "outputs": [
            {
              "name": "out",
              "path": "/nix/store/cm1kj0v0xpsql7fww3hv7f3z930k2fnw-clang-wrapper-19.1.7",
              "default": true
            }
          ],
          "store_path": "/nix/store/cm1kj0v0xpsql7fww3hv7f3z930k2fnw-clang-wrapper-19.1.7"
        },
        "x86_64-linux": {
          "outputs": [
            {
              "name": "out",
              "path": "/nix/store/fmysfy9gl5d59yir4fksi29wz10maljg-clang-wrapper-19.1.7",
              "default": true
            }
          ],
          "store_path": "/nix/store/fmysfy9gl5d59yir4fksi29wz10maljg-clang-wrapper-19.1.7"
        }
      }
    },
    "cmake@latest": {
      "last_modified": "2025-11-23T21:50:36Z",
      "resolved": "github:NixOS/nixpkgs/ee09932cedcef15aaf476f9343d1dea2cb77e261#cmake",
      "source": "devbox-search",
      "version": "4.1.2",
      "systems": {
        "aarch64-darwin": {
          "outputs": [
            {
              "name": "out",
              "path": "/nix/store/0v5vpvwbl94qv9447jz995i4n9mx4l63-cmake-4.1.2",
              "default": true
            }
          ],
          "store_path": "/nix/store/0v5vpvwbl94qv9447jz995i4n9mx4l63-cmake-4.1.2"
        },
        "aarch64-linux": {
          "outputs": [
            {
              "name": "out",
              "path": "/nix/store/ipjw0mbzcycidbw62gsz47cgivqxm2lv-cmake-4.1.2",
              "default": true
            },
            {
              "name": "debug",
              "path": "/nix/store/4m6l2qb5s7vyirybbn3c5k1rv2dww1vy-cmake-4.1.2-debug"
            }
          ],
          "store_path": "/nix/store/ipjw0mbzcycidbw62gsz47cgivqxm2lv-cmake-4.1.2"
        },
        "x86_64-darwin": {
          "outputs": [
            {
              "name": "out",
              "path": "/nix/store/i7c7r2g0zycvi7wh3rnw1dx3aglbvw2d-cmake-4.1.2",
              "default": true
            }
          ],
          "store_path": "/nix/store/i7c7r2g0zycvi7wh3rnw1dx3aglbvw2d-cmake-4.1.2"
        },
        "x86_64-linux": {
          "outputs": [
            {
              "name": "out",
              "path": "/nix/store/w9jm660dykns6hzrdhxmqfywnc9ail8g-cmake-4.1.2",
              "default": true
            },
            {
              "name": "debug",
              "path": "/nix/store/pnizhra0882ijp3nilvzdzbaa0ayq4hd-cmake-4.1.2-debug"
            }
          ],
          "store_path": "/nix/store/w9jm660dykns6hzrdhxmqfywnc9ail8g-cmake-4.1.2"
        }
      }
    },
    "github:NixOS/nixpkgs/nixpkgs-unstable": {
      "last_modified": "2025-04-28T20:04:36Z",
      "resolved": "github:NixOS/nixpkgs/fdb6c240562c5ad516253419cc6f26819705d3e0?lastModified=1745870676&narHash=sha256-IpldIaWrlasZZlKHPxitkrJ1ex4EVphuWYXVDdF5kf4%3D"
    },
    "rerun@latest": {
      "last_modified": "2025-10-07T08:41:47Z",
      "resolved": "github:NixOS/nixpkgs/bce5fe2bb998488d8e7e7856315f90496723793c#rerun",
      "source": "devbox-search",
      "version": "0.25.1",
      "systems": {
        "aarch64-darwin": {
          "outputs": [
            {
              "name": "out",
              "path": "/nix/store/2fky9p3m9512jfi1qv29cgpc85vsfanm-rerun-0.25.1",
              "default": true
            }
          ],
          "store_path": "/nix/store/2fky9p3m9512jfi1qv29cgpc85vsfanm-rerun-0.25.1"
        },
        "aarch64-linux": {
          "outputs": [
            {
              "name": "out",
              "path": "/nix/store/j7slprs1ppdaz1skwy19rswfdvz27wdz-rerun-0.25.1",
              "default": true
            }
          ],
          "store_path": "/nix/store/j7slprs1ppdaz1skwy19rswfdvz27wdz-rerun-0.25.1"
        },
        "x86_64-darwin": {
          "outputs": [
            {
              "name": "out",
              "path": "/nix/store/c23w7r3vczsgy9pr3jcyaygmqmvhl7gv-rerun-0.25.1",
              "default": true
            }
          ],
          "store_path": "/nix/store/c23w7r3vczsgy9pr3jcyaygmqmvhl7gv-rerun-0.25.1"
        },
        "x86_64-linux": {
          "outputs": [
            {
              "name": "out",
              "path": "/nix/store/3lcv6pj1f5wjfc2ya5fd6q0h46vac781-rerun-0.25.1",
              "default": true
            }
          ],
          "store_path": "/nix/store/3lcv6pj1f5wjfc2ya5fd6q0h46vac781-rerun-0.25.1"
        }
      }
    },
    "stdenv@latest": {
      "last_modified": "2023-02-24T09:01:09Z",
      "resolved": "github:NixOS/nixpkgs/7d0ed7f2e5aea07ab22ccb338d27fbe347ed2f11#stdenv",
      "source": "devbox-search"
    },
    "xmake@latest": {
      "last_modified": "2025-12-22T13:40:18Z",
      "resolved": "github:NixOS/nixpkgs/3a7affa77a5a539afa1c7859e2c31abdb1aeadf3#xmake",
      "source": "devbox-search",
      "version": "3.0.5",
      "systems": {
        "aarch64-darwin": {
          "outputs": [
            {
              "name": "out",
              "path": "/nix/store/9qnfxj9g17mr4897hcj21zv3nq0gz23d-xmake-3.0.5",
              "default": true
            }
          ],
          "store_path": "/nix/store/9qnfxj9g17mr4897hcj21zv3nq0gz23d-xmake-3.0.5"
        },
        "aarch64-linux": {
          "outputs": [
            {
              "name": "out",
              "path": "/nix/store/a7jgrvz0irkp014r6h854ls11kbl3hhf-xmake-3.0.5",
              "default": true
            }
          ],
          "store_path": "/nix/store/a7jgrvz0irkp014r6h854ls11kbl3hhf-xmake-3.0.5"
        },
        "x86_64-darwin": {
          "outputs": [
            {
              "name": "out",
              "path": "/nix/store/n1ac38xb68rh022zgd7gkrlsyl3zvkm3-xmake-3.0.5",
              "default": true
            }
          ],
          "store_path": "/nix/store/n1ac38xb68rh022zgd7gkrlsyl3zvkm3-xmake-3.0.5"
        },
        "x86_64-linux": {
          "outputs": [
            {
              "name": "out",
              "path": "/nix/store/l0wrgnzlrynikjvhd1vy0h77jsc0lzac-xmake-3.0.5",
              "default": true
            }
          ],
          "store_path": "/nix/store/l0wrgnzlrynikjvhd1vy0h77jsc0lzac-xmake-3.0.5"
        }
      }
    },
    "zig@latest": {
      "last_modified": "2025-11-23T21:50:36Z",
      "resolved": "github:NixOS/nixpkgs/ee09932cedcef15aaf476f9343d1dea2cb77e261#zig",
      "source": "devbox-search",
      "version": "0.15.2",
      "systems": {
        "aarch64-darwin": {
          "outputs": [
            {
              "name": "out",
              "path": "/nix/store/h5zqw1lr8i0pwqpkkl3lbid06f9dprw0-zig-0.15.2",
              "default": true
            },
            {
              "name": "doc",
              "path": "/nix/store/pkr2y19zac7gls2mr5fjwkxr9kbj632h-zig-0.15.2-doc"
            }
          ],
          "store_path": "/nix/store/h5zqw1lr8i0pwqpkkl3lbid06f9dprw0-zig-0.15.2"
        },
        "aarch64-linux": {
          "outputs": [
            {
              "name": "out",
              "path": "/nix/store/qn6da3g7qdwdxd2csdm1aj25zilkcl30-zig-0.15.2",
              "default": true
            },
            {
              "name": "doc",
              "path": "/nix/store/j22h1s5gc972wvsqzqj0m5vzrcqkd676-zig-0.15.2-doc"
            }
          ],
          "store_path": "/nix/store/qn6da3g7qdwdxd2csdm1aj25zilkcl30-zig-0.15.2"
        },
        "x86_64-darwin": {
          "outputs": [
            {
              "name": "out",
              "path": "/nix/store/fqhwfl5pyh3359naslzswsaw9ng51gly-zig-0.15.2",
              "default": true
            },
            {
              "name": "doc",
              "path": "/nix/store/jipcmr5blz3nxwncl1lxy5cvsfiq8w40-zig-0.15.2-doc"
            }
          ],
          "store_path": "/nix/store/fqhwfl5pyh3359naslzswsaw9ng51gly-zig-0.15.2"
        },
        "x86_64-linux": {
          "outputs": [
            {
              "name": "out",
              "path": "/nix/store/iyv5lnq9cwlsixg357zv8zcp4pv2q7ml-zig-0.15.2",
              "default": true
            },
            {
              "name": "doc",
              "path": "/nix/store/vssw4zdhhvjlgmjkxwws8q8vz7fyxd92-zig-0.15.2-doc"
            }
          ],
          "store_path": "/nix/store/iyv5lnq9cwlsixg357zv8zcp4pv2q7ml-zig-0.15.2"
        }
      }
    }
  }
}
